
Microsoft Visual Studio Solution File, Format Version 12.00
# Visual Studio Version 17
VisualStudioVersion = 17.4.33122.133
MinimumVisualStudioVersion = 10.0.40219.1
Project("{2150E333-8FDC-42A3-9474-1A3956D46DE8}") = "src", "src", "{9C44556B-EF9D-45F4-B1C4-6ADD3ACE34B9}"
EndProject
Project("{2150E333-8FDC-42A3-9474-1A3956D46DE8}") = "Infrastructure", "Infrastructure", "{E49E88BC-B92E-46DF-AC32-39B281C1AC9C}"
EndProject
Project("{2150E333-8FDC-42A3-9474-1A3956D46DE8}") = "Api", "Api", "{DE915B61-4801-46AA-8F22-BA365A6E4E40}"
EndProject
Project("{2150E333-8FDC-42A3-9474-1A3956D46DE8}") = "Shared", "Shared", "{4DC02147-2C8C-4F40-B241-92A270958FFA}"
EndProject
Project("{2150E333-8FDC-42A3-9474-1A3956D46DE8}") = "Domain", "Domain", "{5915DA92-18C9-4302-8AB0-87B29B01BD77}"
EndProject
Project("{2150E333-8FDC-42A3-9474-1A3956D46DE8}") = "Web", "Web", "{7B87B146-1A06-4678-B871-C4F3701F78E6}"
EndProject
Project("{9A19103F-16F7-4668-BE54-9A1E7A4F7556}") = "Daisy.Api", "src\Api\Daisy.Api\Daisy.Api.csproj", "{B0037AB1-6825-42D0-A2E6-881DE5B6DAB9}"
EndProject
Project("{9A19103F-16F7-4668-BE54-9A1E7A4F7556}") = "Daisy.Domain", "src\Domain\Daisy.Domain\Daisy.Domain.csproj", "{BA54CBFF-38E4-4EAC-95F0-2800B755BDB6}"
EndProject
Project("{9A19103F-16F7-4668-BE54-9A1E7A4F7556}") = "Daisy.Infrastructure", "src\Infrastructure\Daisy.Infrastructure\Daisy.Infrastructure.csproj", "{5B49406B-D3D1-41AE-BA7F-740FFA3B1279}"
EndProject
Project("{9A19103F-16F7-4668-BE54-9A1E7A4F7556}") = "Daisy.Shared", "src\Shared\Daisy.Shared\Daisy.Shared.csproj", "{3D2BFD5A-FA88-46BA-8D0F-44A0A85DF7B7}"
EndProject
Project("{2150E333-8FDC-42A3-9474-1A3956D46DE8}") = "Blazor", "Blazor", "{E77115A7-4470-4DDA-909F-C64269367080}"
EndProject
Project("{9A19103F-16F7-4668-BE54-9A1E7A4F7556}") = "Daisy.Client.Wasm", "src\Web\Blazor\Daisy.Client.Wasm\Daisy.Client.Wasm.csproj", "{921331E7-0C5E-44D4-B0E9-C84182890A06}"
EndProject
Project("{2150E333-8FDC-42A3-9474-1A3956D46DE8}") = "Application", "Application", "{FF77EC66-3BD7-4910-8387-26D1309C2246}"
EndProject
Project("{9A19103F-16F7-4668-BE54-9A1E7A4F7556}") = "Daisy.Application", "src\Application\Daisy.Application\Daisy.Application.csproj", "{DF63BAF5-833D-4C88-AF62-7196C140E60F}"
EndProject
Global
	GlobalSection(SolutionConfigurationPlatforms) = preSolution
		Debug|Any CPU = Debug|Any CPU
		Release|Any CPU = Release|Any CPU
	EndGlobalSection
	GlobalSection(ProjectConfigurationPlatforms) = postSolution
		{B0037AB1-6825-42D0-A2E6-881DE5B6DAB9}.Debug|Any CPU.ActiveCfg = Debug|Any CPU
		{B0037AB1-6825-42D0-A2E6-881DE5B6DAB9}.Debug|Any CPU.Build.0 = Debug|Any CPU
		{B0037AB1-6825-42D0-A2E6-881DE5B6DAB9}.Release|Any CPU.ActiveCfg = Release|Any CPU
		{B0037AB1-6825-42D0-A2E6-881DE5B6DAB9}.Release|Any CPU.Build.0 = Release|Any CPU
		{BA54CBFF-38E4-4EAC-95F0-2800B755BDB6}.Debug|Any CPU.ActiveCfg = Debug|Any CPU
		{BA54CBFF-38E4-4EAC-95F0-2800B755BDB6}.Debug|Any CPU.Build.0 = Debug|Any CPU
		{BA54CBFF-38E4-4EAC-95F0-2800B755BDB6}.Release|Any CPU.ActiveCfg = Release|Any CPU
		{BA54CBFF-38E4-4EAC-95F0-2800B755BDB6}.Release|Any CPU.Build.0 = Release|Any CPU
		{5B49406B-D3D1-41AE-BA7F-740FFA3B1279}.Debug|Any CPU.ActiveCfg = Debug|Any CPU
		{5B49406B-D3D1-41AE-BA7F-740FFA3B1279}.Debug|Any CPU.Build.0 = Debug|Any CPU
		{5B49406B-D3D1-41AE-BA7F-740FFA3B1279}.Release|Any CPU.ActiveCfg = Release|Any CPU
		{5B49406B-D3D1-41AE-BA7F-740FFA3B1279}.Release|Any CPU.Build.0 = Release|Any CPU
		{3D2BFD5A-FA88-46BA-8D0F-44A0A85DF7B7}.Debug|Any CPU.ActiveCfg = Debug|Any CPU
		{3D2BFD5A-FA88-46BA-8D0F-44A0A85DF7B7}.Debug|Any CPU.Build.0 = Debug|Any CPU
		{3D2BFD5A-FA88-46BA-8D0F-44A0A85DF7B7}.Release|Any CPU.ActiveCfg = Release|Any CPU
		{3D2BFD5A-FA88-46BA-8D0F-44A0A85DF7B7}.Release|Any CPU.Build.0 = Release|Any CPU
		{921331E7-0C5E-44D4-B0E9-C84182890A06}.Debug|Any CPU.ActiveCfg = Debug|Any CPU
		{921331E7-0C5E-44D4-B0E9-C84182890A06}.Debug|Any CPU.Build.0 = Debug|Any CPU
		{921331E7-0C5E-44D4-B0E9-C84182890A06}.Release|Any CPU.ActiveCfg = Release|Any CPU
		{921331E7-0C5E-44D4-B0E9-C84182890A06}.Release|Any CPU.Build.0 = Release|Any CPU
		{DF63BAF5-833D-4C88-AF62-7196C140E60F}.Debug|Any CPU.ActiveCfg = Debug|Any CPU
		{DF63BAF5-833D-4C88-AF62-7196C140E60F}.Debug|Any CPU.Build.0 = Debug|Any CPU
		{DF63BAF5-833D-4C88-AF62-7196C140E60F}.Release|Any CPU.ActiveCfg = Release|Any CPU
		{DF63BAF5-833D-4C88-AF62-7196C140E60F}.Release|Any CPU.Build.0 = Release|Any CPU
	EndGlobalSection
	GlobalSection(SolutionProperties) = preSolution
		HideSolutionNode = FALSE
	EndGlobalSection
	GlobalSection(NestedProjects) = preSolution
		{E49E88BC-B92E-46DF-AC32-39B281C1AC9C} = {9C44556B-EF9D-45F4-B1C4-6ADD3ACE34B9}
		{DE915B61-4801-46AA-8F22-BA365A6E4E40} = {9C44556B-EF9D-45F4-B1C4-6ADD3ACE34B9}
		{4DC02147-2C8C-4F40-B241-92A270958FFA} = {9C44556B-EF9D-45F4-B1C4-6ADD3ACE34B9}
		{5915DA92-18C9-4302-8AB0-87B29B01BD77} = {9C44556B-EF9D-45F4-B1C4-6ADD3ACE34B9}
		{7B87B146-1A06-4678-B871-C4F3701F78E6} = {9C44556B-EF9D-45F4-B1C4-6ADD3ACE34B9}
		{B0037AB1-6825-42D0-A2E6-881DE5B6DAB9} = {DE915B61-4801-46AA-8F22-BA365A6E4E40}
		{BA54CBFF-38E4-4EAC-95F0-2800B755BDB6} = {5915DA92-18C9-4302-8AB0-87B29B01BD77}
		{5B49406B-D3D1-41AE-BA7F-740FFA3B1279} = {E49E88BC-B92E-46DF-AC32-39B281C1AC9C}
		{3D2BFD5A-FA88-46BA-8D0F-44A0A85DF7B7} = {4DC02147-2C8C-4F40-B241-92A270958FFA}
		{E77115A7-4470-4DDA-909F-C64269367080} = {7B87B146-1A06-4678-B871-C4F3701F78E6}
		{921331E7-0C5E-44D4-B0E9-C84182890A06} = {E77115A7-4470-4DDA-909F-C64269367080}
		{FF77EC66-3BD7-4910-8387-26D1309C2246} = {9C44556B-EF9D-45F4-B1C4-6ADD3ACE34B9}
		{DF63BAF5-833D-4C88-AF62-7196C140E60F} = {FF77EC66-3BD7-4910-8387-26D1309C2246}
	EndGlobalSection
	GlobalSection(ExtensibilityGlobals) = postSolution
		SolutionGuid = {103D05AF-62DA-4B02-8463-1B029E938171}
	EndGlobalSection
EndGlobal
